{
  "name": "services",
  "version": "0.0.1",
  "lockfileVersion": 1,
  "requires": true,
  "dependencies": {
    "planet-defender-core": {
      "version": "file:../../../Core-Compiled/planet-defender-core-1.0.0.tgz",
      "integrity": "sha512-+kS3Q6/xJHmTN4Uo7TvjaBfeu+/EiPf37HCx0e472Vao2N7tsWqKh/fwwKrZKPhaaDV48lqGgeu1xRFBDYb2vw==",
      "requires": {
        "tslib": "1.9.3"
      }
    },
    "tslib": {
      "version": "1.9.3",
      "resolved": "https://registry.npmjs.org/tslib/-/tslib-1.9.3.tgz",
      "integrity": "sha512-4krF8scpejhaOgqzBEcGM7yDIEfi0/8+8zDRZhNZZ2kjmHJ4hv3zCbQWxoJGz1iw5U0Jl0nma13xzHXcncMavQ=="
    }
  }
}
